// !$*UTF8*$!
{
	archiveVersion = 1;
	classes = {
	};
	objectVersion = 48;
	objects = {

/* Begin PBXBuildFile section */
		435B759B36E70F43A0776D1D /* Pods_PopularActors.framework in Frameworks */ = {isa = PBXBuildFile; fileRef = 104C0CCEDAD0B01D1AECC6AF /* Pods_PopularActors.framework */; };
		B405553320E665A2000BB6AD /* AppDelegate.swift in Sources */ = {isa = PBXBuildFile; fileRef = B405553220E665A2000BB6AD /* AppDelegate.swift */; };
		B405553520E665A2000BB6AD /* ViewController.swift in Sources */ = {isa = PBXBuildFile; fileRef = B405553420E665A2000BB6AD /* ViewController.swift */; };
		B405553820E665A2000BB6AD /* Main.storyboard in Resources */ = {isa = PBXBuildFile; fileRef = B405553620E665A2000BB6AD /* Main.storyboard */; };
		B405553A20E665A2000BB6AD /* Assets.xcassets in Resources */ = {isa = PBXBuildFile; fileRef = B405553920E665A2000BB6AD /* Assets.xcassets */; };
		B405553D20E665A2000BB6AD /* LaunchScreen.storyboard in Resources */ = {isa = PBXBuildFile; fileRef = B405553B20E665A2000BB6AD /* LaunchScreen.storyboard */; };
		B405554720E6E6F8000BB6AD /* ActorViewController.swift in Sources */ = {isa = PBXBuildFile; fileRef = B405554620E6E6F8000BB6AD /* ActorViewController.swift */; };
/* End PBXBuildFile section */

/* Begin PBXFileReference section */
		104C0CCEDAD0B01D1AECC6AF /* Pods_PopularActors.framework */ = {isa = PBXFileReference; explicitFileType = wrapper.framework; includeInIndex = 0; path = Pods_PopularActors.framework; sourceTree = BUILT_PRODUCTS_DIR; };
		5E9A338E1D82051B4DD50DE1 /* Pods-PopularActors.release.xcconfig */ = {isa = PBXFileReference; includeInIndex = 1; lastKnownFileType = text.xcconfig; name = "Pods-PopularActors.release.xcconfig"; path = "Pods/Target Support Files/Pods-PopularActors/Pods-PopularActors.release.xcconfig"; sourceTree = "<group>"; };
		8DD06A0071AA4BBF686EDEA1 /* Pods-PopularActors.debug.xcconfig */ = {isa = PBXFileReference; includeInIndex = 1; lastKnownFileType = text.xcconfig; name = "Pods-PopularActors.debug.xcconfig"; path = "Pods/Target Support Files/Pods-PopularActors/Pods-PopularActors.debug.xcconfig"; sourceTree = "<group>"; };
		B405552F20E665A2000BB6AD /* PopularActors.app */ = {isa = PBXFileReference; explicitFileType = wrapper.application; includeInIndex = 0; path = PopularActors.app; sourceTree = BUILT_PRODUCTS_DIR; };
		B405553220E665A2000BB6AD /* AppDelegate.swift */ = {isa = PBXFileReference; lastKnownFileType = sourcecode.swift; path = AppDelegate.swift; sourceTree = "<group>"; };
		B405553420E665A2000BB6AD /* ViewController.swift */ = {isa = PBXFileReference; lastKnownFileType = sourcecode.swift; path = ViewController.swift; sourceTree = "<group>"; };
		B405553720E665A2000BB6AD /* Base */ = {isa = PBXFileReference; lastKnownFileType = file.storyboard; name = Base; path = Base.lproj/Main.storyboard; sourceTree = "<group>"; };
		B405553920E665A2000BB6AD /* Assets.xcassets */ = {isa = PBXFileReference; lastKnownFileType = folder.assetcatalog; path = Assets.xcassets; sourceTree = "<group>"; };
		B405553C20E665A2000BB6AD /* Base */ = {isa = PBXFileReference; lastKnownFileType = file.storyboard; name = Base; path = Base.lproj/LaunchScreen.storyboard; sourceTree = "<group>"; };
		B405553E20E665A2000BB6AD /* Info.plist */ = {isa = PBXFileReference; lastKnownFileType = text.plist.xml; path = Info.plist; sourceTree = "<group>"; };
		B405554620E6E6F8000BB6AD /* ActorViewController.swift */ = {isa = PBXFileReference; lastKnownFileType = sourcecode.swift; path = ActorViewController.swift; sourceTree = "<group>"; };
		B442FE6120E7D0990061EC23 /* Pods */ = {isa = PBXFileReference; lastKnownFileType = folder; path = Pods; sourceTree = "<group>"; };
/* End PBXFileReference section */

/* Begin PBXFrameworksBuildPhase section */
		B405552C20E665A2000BB6AD /* Frameworks */ = {
			isa = PBXFrameworksBuildPhase;
			buildActionMask = 2147483647;
			files = (
				435B759B36E70F43A0776D1D /* Pods_PopularActors.framework in Frameworks */,
			);
			runOnlyForDeploymentPostprocessing = 0;
		};
/* End PBXFrameworksBuildPhase section */

/* Begin PBXGroup section */
		B405552620E665A2000BB6AD = {
			isa = PBXGroup;
			children = (
				B405553120E665A2000BB6AD /* PopularActors */,
				B405553020E665A2000BB6AD /* Products */,
				B442FE6020E7D0990061EC23 /* Frameworks */,
				B6CB2AA1B12ACEB940066863 /* Pods */,
			);
			sourceTree = "<group>";
		};
		B405553020E665A2000BB6AD /* Products */ = {
			isa = PBXGroup;
			children = (
				B405552F20E665A2000BB6AD /* PopularActors.app */,
			);
			name = Products;
			sourceTree = "<group>";
		};
		B405553120E665A2000BB6AD /* PopularActors */ = {
			isa = PBXGroup;
			children = (
				B405553220E665A2000BB6AD /* AppDelegate.swift */,
				B405553420E665A2000BB6AD /* ViewController.swift */,
				B405554620E6E6F8000BB6AD /* ActorViewController.swift */,
				B405553620E665A2000BB6AD /* Main.storyboard */,
				B405553920E665A2000BB6AD /* Assets.xcassets */,
				B405553B20E665A2000BB6AD /* LaunchScreen.storyboard */,
				B405553E20E665A2000BB6AD /* Info.plist */,
			);
			path = PopularActors;
			sourceTree = "<group>";
		};
		B442FE6020E7D0990061EC23 /* Frameworks */ = {
			isa = PBXGroup;
			children = (
				B442FE6120E7D0990061EC23 /* Pods */,
				104C0CCEDAD0B01D1AECC6AF /* Pods_PopularActors.framework */,
			);
			name = Frameworks;
			sourceTree = "<group>";
		};
		B6CB2AA1B12ACEB940066863 /* Pods */ = {
			isa = PBXGroup;
			children = (
				8DD06A0071AA4BBF686EDEA1 /* Pods-PopularActors.debug.xcconfig */,
				5E9A338E1D82051B4DD50DE1 /* Pods-PopularActors.release.xcconfig */,
			);
			name = Pods;
			sourceTree = "<group>";
		};
/* End PBXGroup section */

/* Begin PBXNativeTarget section */
		B405552E20E665A2000BB6AD /* PopularActors */ = {
			isa = PBXNativeTarget;
			buildConfigurationList = B405554120E665A2000BB6AD /* Build configuration list for PBXNativeTarget "PopularActors" */;
			buildPhases = (
				D7AC33111E1103BCE48454D3 /* [CP] Check Pods Manifest.lock */,
				B405552B20E665A2000BB6AD /* Sources */,
				B405552C20E665A2000BB6AD /* Frameworks */,
				B405552D20E665A2000BB6AD /* Resources */,
				1C5ADBC210626AF4CD773EBF /* [CP] Embed Pods Frameworks */,
			);
			buildRules = (
			);
			dependencies = (
			);
			name = PopularActors;
			productName = PopularActors;
			productReference = B405552F20E665A2000BB6AD /* PopularActors.app */;
			productType = "com.apple.product-type.application";
		};
/* End PBXNativeTarget section */

/* Begin PBXProject section */
		B405552720E665A2000BB6AD /* Project object */ = {
			isa = PBXProject;
			attributes = {
				LastSwiftUpdateCheck = 0920;
				LastUpgradeCheck = 0920;
				ORGANIZATIONNAME = Navek;
				TargetAttributes = {
					B405552E20E665A2000BB6AD = {
						CreatedOnToolsVersion = 9.2;
						ProvisioningStyle = Automatic;
					};
				};
			};
			buildConfigurationList = B405552A20E665A2000BB6AD /* Build configuration list for PBXProject "PopularActors" */;
			compatibilityVersion = "Xcode 8.0";
			developmentRegion = en;
			hasScannedForEncodings = 0;
			knownRegions = (
				en,
				Base,
			);
			mainGroup = B405552620E665A2000BB6AD;
			productRefGroup = B405553020E665A2000BB6AD /* Products */;
			projectDirPath = "";
			projectRoot = "";
			targets = (
				B405552E20E665A2000BB6AD /* PopularActors */,
			);
		};
/* End PBXProject section */

/* Begin PBXResourcesBuildPhase section */
		B405552D20E665A2000BB6AD /* Resources */ = {
			isa = PBXResourcesBuildPhase;
			buildActionMask = 2147483647;
			files = (
				B405553D20E665A2000BB6AD /* LaunchScreen.storyboard in Resources */,
				B405553A20E665A2000BB6AD /* Assets.xcassets in Resources */,
				B405553820E665A2000BB6AD /* Main.storyboard in Resources */,
			);
			runOnlyForDeploymentPostprocessing = 0;
		};
/* End PBXResourcesBuildPhase section */

/* Begin PBXShellScriptBuildPhase section */
		1C5ADBC210626AF4CD773EBF /* [CP] Embed Pods Frameworks */ = {
			isa = PBXShellScriptBuildPhase;
			buildActionMask = 2147483647;
			files = (
			);
			inputPaths = (
				"${SRCROOT}/Pods/Target Support Files/Pods-PopularActors/Pods-PopularActors-frameworks.sh",
				"${BUILT_PRODUCTS_DIR}/Alamofire/Alamofire.framework",
				"${BUILT_PRODUCTS_DIR}/AlamofireImage/AlamofireImage.framework",
				"${BUILT_PRODUCTS_DIR}/EZLoadingActivity/EZLoadingActivity.framework",
			);
			name = "[CP] Embed Pods Frameworks";
			outputPaths = (
				"${TARGET_BUILD_DIR}/${FRAMEWORKS_FOLDER_PATH}/Alamofire.framework",
				"${TARGET_BUILD_DIR}/${FRAMEWORKS_FOLDER_PATH}/AlamofireImage.framework",
				"${TARGET_BUILD_DIR}/${FRAMEWORKS_FOLDER_PATH}/EZLoadingActivity.framework",
			);
			runOnlyForDeploymentPostprocessing = 0;
			shellPath = /bin/sh;
			shellScript = "\"${SRCROOT}/Pods/Target Support Files/Pods-PopularActors/Pods-PopularActors-frameworks.sh\"\n";
			showEnvVarsInLog = 0;
		};
		D7AC33111E1103BCE48454D3 /* [CP] Check Pods Manifest.lock */ = {
			isa = PBXShellScriptBuildPhase;
			buildActionMask = 2147483647;
			files = (
			);
			inputPaths = (
				"${PODS_PODFILE_DIR_PATH}/Podfile.lock",
				"${PODS_ROOT}/Manifest.lock",
			);
			name = "[CP] Check Pods Manifest.lock";
			outputPaths = (
				"$(DERIVED_FILE_DIR)/Pods-PopularActors-checkManifestLockResult.txt",
			);
			runOnlyForDeploymentPostprocessing = 0;
			shellPath = /bin/sh;
			shellScript = "diff \"${PODS_PODFILE_DIR_PATH}/Podfile.lock\" \"${PODS_ROOT}/Manifest.lock\" > /dev/null\nif [ $? != 0 ] ; then\n    # print error to STDERR\n    echo \"error: The sandbox is not in sync with the Podfile.lock. Run 'pod install' or update your CocoaPods installation.\" >&2\n    exit 1\nfi\n# This output is used by Xcode 'outputs' to avoid re-running this script phase.\necho \"SUCCESS\" > \"${SCRIPT_OUTPUT_FILE_0}\"\n";
			showEnvVarsInLog = 0;
		};
/* End PBXShellScriptBuildPhase section */

/* Begin PBXSourcesBuildPhase section */
		B405552B20E665A2000BB6AD /* Sources */ = {
			isa = PBXSourcesBuildPhase;
			buildActionMask = 2147483647;
			files = (
				B405554720E6E6F8000BB6AD /* ActorViewController.swift in Sources */,
				B405553520E665A2000BB6AD /* ViewController.swift in Sources */,
				B405553320E665A2000BB6AD /* AppDelegate.swift in Sources */,
			);
			runOnlyForDeploymentPostprocessing = 0;
		};
/* End PBXSourcesBuildPhase section */

/* Begin PBXVariantGroup section */
		B405553620E665A2000BB6AD /* Main.storyboard */ = {
			isa = PBXVariantGroup;
			children = (
				B405553720E665A2000BB6AD /* Base */,
			);
			name = Main.storyboard;
			sourceTree = "<group>";
		};
		B405553B20E665A2000BB6AD /* LaunchScreen.storyboard */ = {
			isa = PBXVariantGroup;
			children = (
				B405553C20E665A2000BB6AD /* Base */,
			);
			name = LaunchScreen.storyboard;
			sourceTree = "<group>";
		};
/* End PBXVariantGroup section */

/* Begin XCBuildConfiguration section */
		B405553F20E665A2000BB6AD /* Debug */ = {
			isa = XCBuildConfiguration;
			buildSettings = {
				ALWAYS_SEARCH_USER_PATHS = NO;
				CLANG_ANALYZER_NONNULL = YES;
				CLANG_ANALYZER_NUMBER_OBJECT_CONVERSION = YES_AGGRESSIVE;
				CLANG_CXX_LANGUAGE_STANDARD = "gnu++14";
				CLANG_CXX_LIBRARY = "libc++";
				CLANG_ENABLE_MODULES = YES;
				CLANG_ENABLE_OBJC_ARC = YES;
				CLANG_WARN_BLOCK_CAPTURE_AUTORELEASING = YES;
				CLANG_WARN_BOOL_CONVERSION = YES;
				CLANG_WARN_COMMA = YES;
				CLANG_WARN_CONSTANT_CONVERSION = YES;
				CLANG_WARN_DIRECT_OBJC_ISA_USAGE = YES_ERROR;
				CLANG_WARN_DOCUMENTATION_COMMENTS = YES;
				CLANG_WARN_EMPTY_BODY = YES;
				CLANG_WARN_ENUM_CONVERSION = YES;
				CLANG_WARN_INFINITE_RECURSION = YES;
				CLANG_WARN_INT_CONVERSION = YES;
				CLANG_WARN_NON_LITERAL_NULL_CONVERSION = YES;
				CLANG_WARN_OBJC_LITERAL_CONVERSION = YES;
				CLANG_WARN_OBJC_ROOT_CLASS = YES_ERROR;
				CLANG_WARN_RANGE_LOOP_ANALYSIS = YES;
				CLANG_WARN_STRICT_PROTOTYPES = YES;
				CLANG_WARN_SUSPICIOUS_MOVE = YES;
				CLANG_WARN_UNGUARDED_AVAILABILITY = YES_AGGRESSIVE;
				CLANG_WARN_UNREACHABLE_CODE = YES;
				CLANG_WARN__DUPLICATE_METHOD_MATCH = YES;
				CODE_SIGN_IDENTITY = "iPhone Developer";
				COPY_PHASE_STRIP = NO;
				DEBUG_INFORMATION_FORMAT = dwarf;
				ENABLE_STRICT_OBJC_MSGSEND = YES;
				ENABLE_TESTABILITY = YES;
				GCC_C_LANGUAGE_STANDARD = gnu11;
				GCC_DYNAMIC_NO_PIC = NO;
				GCC_NO_COMMON_BLOCKS = YES;
				GCC_OPTIMIZATION_LEVEL = 0;
				GCC_PREPROCESSOR_DEFINITIONS = (
					"DEBUG=1",
					"$(inherited)",
				);
				GCC_WARN_64_TO_32_BIT_CONVERSION = YES;
				GCC_WARN_ABOUT_RETURN_TYPE = YES_ERROR;
				GCC_WARN_UNDECLARED_SELECTOR = YES;
				GCC_WARN_UNINITIALIZED_AUTOS = YES_AGGRESSIVE;
				GCC_WARN_UNUSED_FUNCTION = YES;
				GCC_WARN_UNUSED_VARIABLE = YES;
				IPHONEOS_DEPLOYMENT_TARGET = 11.2;
				MTL_ENABLE_DEBUG_INFO = YES;
				ONLY_ACTIVE_ARCH = YES;
				SDKROOT = iphoneos;
				SWIFT_ACTIVE_COMPILATION_CONDITIONS = DEBUG;
				SWIFT_OPTIMIZATION_LEVEL = "-Onone";
			};
			name = Debug;
		};
		B405554020E665A2000BB6AD /* Release */ = {
			isa = XCBuildConfiguration;
			buildSettings = {
				ALWAYS_SEARCH_USER_PATHS = NO;
				CLANG_ANALYZER_NONNULL = YES;
				CLANG_ANALYZER_NUMBER_OBJECT_CONVERSION = YES_AGGRESSIVE;
				CLANG_CXX_LANGUAGE_STANDARD = "gnu++14";
				CLANG_CXX_LIBRARY = "libc++";
				CLANG_ENABLE_MODULES = YES;
				CLANG_ENABLE_OBJC_ARC = YES;
				CLANG_WARN_BLOCK_CAPTURE_AUTORELEASING = YES;
				CLANG_WARN_BOOL_CONVERSION = YES;
				CLANG_WARN_COMMA = YES;
				CLANG_WARN_CONSTANT_CONVERSION = YES;
				CLANG_WARN_DIRECT_OBJC_ISA_USAGE = YES_ERROR;
				CLANG_WARN_DOCUMENTATION_COMMENTS = YES;
				CLANG_WARN_EMPTY_BODY = YES;
				CLANG_WARN_ENUM_CONVERSION = YES;
				CLANG_WARN_INFINITE_RECURSION = YES;
				CLANG_WARN_INT_CONVERSION = YES;
				CLANG_WARN_NON_LITERAL_NULL_CONVERSION = YES;
				CLANG_WARN_OBJC_LITERAL_CONVERSION = YES;
				CLANG_WARN_OBJC_ROOT_CLASS = YES_ERROR;
				CLANG_WARN_RANGE_LOOP_ANALYSIS = YES;
				CLANG_WARN_STRICT_PROTOTYPES = YES;
				CLANG_WARN_SUSPICIOUS_MOVE = YES;
				CLANG_WARN_UNGUARDED_AVAILABILITY = YES_AGGRESSIVE;
				CLANG_WARN_UNREACHABLE_CODE = YES;
				CLANG_WARN__DUPLICATE_METHOD_MATCH = YES;
				CODE_SIGN_IDENTITY = "iPhone Developer";
				COPY_PHASE_STRIP = NO;
				DEBUG_INFORMATION_FORMAT = "dwarf-with-dsym";
				ENABLE_NS_ASSERTIONS = NO;
				ENABLE_STRICT_OBJC_MSGSEND = YES;
				GCC_C_LANGUAGE_STANDARD = gnu11;
				GCC_NO_COMMON_BLOCKS = YES;
				GCC_WARN_64_TO_32_BIT_CONVERSION = YES;
				GCC_WARN_ABOUT_RETURN_TYPE = YES_ERROR;
				GCC_WARN_UNDECLARED_SELECTOR = YES;
				GCC_WARN_UNINITIALIZED_AUTOS = YES_AGGRESSIVE;
				GCC_WARN_UNUSED_FUNCTION = YES;
				GCC_WARN_UNUSED_VARIABLE = YES;
				IPHONEOS_DEPLOYMENT_TARGET = 11.2;
				MTL_ENABLE_DEBUG_INFO = NO;
				SDKROOT = iphoneos;
				SWIFT_OPTIMIZATION_LEVEL = "-Owholemodule";
				VALIDATE_PRODUCT = YES;
			};
			name = Release;
		};
		B405554220E665A2000BB6AD /* Debug */ = {
			isa = XCBuildConfiguration;
			baseConfigurationReference = 8DD06A0071AA4BBF686EDEA1 /* Pods-PopularActors.debug.xcconfig */;
			buildSettings = {
				ASSETCATALOG_COMPILER_APPICON_NAME = AppIcon;
				CODE_SIGN_STYLE = Automatic;
				DEVELOPMENT_TEAM = CXB3729N94;
				INFOPLIST_FILE = PopularActors/Info.plist;
				LD_RUNPATH_SEARCH_PATHS = "$(inherited) @executable_path/Frameworks";
				PRODUCT_BUNDLE_IDENTIFIER = tr.navek.emirhan.PopularActors;
				PRODUCT_NAME = "$(TARGET_NAME)";
				SWIFT_VERSION = 4.0;
				TARGETED_DEVICE_FAMILY = "1,2";
			};
			name = Debug;
		};
		B405554320E665A2000BB6AD /* Release */ = {
			isa = XCBuildConfiguration;
			baseConfigurationReference = 5E9A338E1D82051B4DD50DE1 /* Pods-PopularActors.release.xcconfig */;
			buildSettings = {
				ASSETCATALOG_COMPILER_APPICON_NAME = AppIcon;
				CODE_SIGN_STYLE = Automatic;
				DEVELOPMENT_TEAM = CXB3729N94;
				INFOPLIST_FILE = PopularActors/Info.plist;
				LD_RUNPATH_SEARCH_PATHS = "$(inherited) @executable_path/Frameworks";
				PRODUCT_BUNDLE_IDENTIFIER = tr.navek.emirhan.PopularActors;
				PRODUCT_NAME = "$(TARGET_NAME)";
				SWIFT_VERSION = 4.0;
				TARGETED_DEVICE_FAMILY = "1,2";
			};
			name = Release;
		};
/* End XCBuildConfiguration section */

/* Begin XCConfigurationList section */
		B405552A20E665A2000BB6AD /* Build configuration list for PBXProject "PopularActors" */ = {
			isa = XCConfigurationList;
			buildConfigurations = (
				B405553F20E665A2000BB6AD /* Debug */,
				B405554020E665A2000BB6AD /* Release */,
			);
			defaultConfigurationIsVisible = 0;
			defaultConfigurationName = Release;
		};
		B405554120E665A2000BB6AD /* Build configuration list for PBXNativeTarget "PopularActors" */ = {
			isa = XCConfigurationList;
			buildConfigurations = (
				B405554220E665A2000BB6AD /* Debug */,
				B405554320E665A2000BB6AD /* Release */,
			);
			defaultConfigurationIsVisible = 0;
			defaultConfigurationName = Release;
		};
/* End XCConfigurationList section */
	};
	rootObject = B405552720E665A2000BB6AD /* Project object */;
}
